
Microsoft Visual Studio Solution File, Format Version 12.00
# Visual Studio Version 17
VisualStudioVersion = 17.2.32516.85
MinimumVisualStudioVersion = 10.0.40219.1
Project("{54A90642-561A-4BB1-A94E-469ADEE60C69}") = "FronTend", "reactproject1\FronTend.esproj", "{0DA9319A-3926-45E9-BF84-6B3A85B9125C}"
EndProject
Project("{FAE04EC0-301F-11D3-BF4B-00C04F79EFBC}") = "backend_", "backend_\backend_.csproj", "{3AC28C4D-F984-488C-A593-2D270FE91F54}"
EndProject
Global
	GlobalSection(SolutionConfigurationPlatforms) = preSolution
		Debug|Any CPU = Debug|Any CPU
		Release|Any CPU = Release|Any CPU
	EndGlobalSection
	GlobalSection(ProjectConfigurationPlatforms) = postSolution
		{0DA9319A-3926-45E9-BF84-6B3A85B9125C}.Debug|Any CPU.ActiveCfg = Debug|Any CPU
		{0DA9319A-3926-45E9-BF84-6B3A85B9125C}.Debug|Any CPU.Build.0 = Debug|Any CPU
		{0DA9319A-3926-45E9-BF84-6B3A85B9125C}.Debug|Any CPU.Deploy.0 = Debug|Any CPU
		{0DA9319A-3926-45E9-BF84-6B3A85B9125C}.Release|Any CPU.ActiveCfg = Release|Any CPU
		{0DA9319A-3926-45E9-BF84-6B3A85B9125C}.Release|Any CPU.Build.0 = Release|Any CPU
		{0DA9319A-3926-45E9-BF84-6B3A85B9125C}.Release|Any CPU.Deploy.0 = Release|Any CPU
		{3AC28C4D-F984-488C-A593-2D270FE91F54}.Debug|Any CPU.ActiveCfg = Debug|Any CPU
		{3AC28C4D-F984-488C-A593-2D270FE91F54}.Debug|Any CPU.Build.0 = Debug|Any CPU
		{3AC28C4D-F984-488C-A593-2D270FE91F54}.Release|Any CPU.ActiveCfg = Release|Any CPU
		{3AC28C4D-F984-488C-A593-2D270FE91F54}.Release|Any CPU.Build.0 = Release|Any CPU
	EndGlobalSection
	GlobalSection(SolutionProperties) = preSolution
		HideSolutionNode = FALSE
	EndGlobalSection
	GlobalSection(ExtensibilityGlobals) = postSolution
		SolutionGuid = {F52A1595-0C11-4E9F-BCB3-4B31BBD83A97}
	EndGlobalSection
EndGlobal
